# THIS IS AN AUTOGENERATED FILE. DO NOT EDIT THIS FILE DIRECTLY.
# yarn lockfile v1


"@akolakowska/randomid-generator@^1.0.1":
  version "1.0.1"
  resolved "https://registry.yarnpkg.com/@akolakowska/randomid-generator/-/randomid-generator-1.0.1.tgz#9f596910f188a7450060c2ab792a9afea2fe8c75"
  integrity sha512-4qoOgMMPJIzihec+QjPlTBcdpkFyV5BLCr2QS4n/WhI6GKsRrouPdZI9GAHg8x3wHpl3fyGPGEsv/upsWWmq2A==
